
Microsoft Visual Studio Solution File, Format Version 12.00
# Visual Studio Version 16
VisualStudioVersion = 16.0.30503.244
MinimumVisualStudioVersion = 10.0.40219.1
Project("{FAE04EC0-301F-11D3-BF4B-00C04F79EFBC}") = "CSharpInterfaceExample", "CSharpInterfaceExample.csproj", "{D15DD368-97D7-427D-80DF-01FD4F7B9A7E}"
EndProject
Global
	GlobalSection(SolutionConfigurationPlatforms) = preSolution
		Debug|Any CPU = Debug|Any CPU
		Release|Any CPU = Release|Any CPU
	EndGlobalSection
	GlobalSection(ProjectConfigurationPlatforms) = postSolution
		{D15DD368-97D7-427D-80DF-01FD4F7B9A7E}.Debug|Any CPU.ActiveCfg = Debug|Any CPU
		{D15DD368-97D7-427D-80DF-01FD4F7B9A7E}.Debug|Any CPU.Build.0 = Debug|Any CPU
		{D15DD368-97D7-427D-80DF-01FD4F7B9A7E}.Release|Any CPU.ActiveCfg = Release|Any CPU
		{D15DD368-97D7-427D-80DF-01FD4F7B9A7E}.Release|Any CPU.Build.0 = Release|Any CPU
	EndGlobalSection
	GlobalSection(SolutionProperties) = preSolution
		HideSolutionNode = FALSE
	EndGlobalSection
	GlobalSection(ExtensibilityGlobals) = postSolution
		SolutionGuid = {5E68DA5F-97FC-48AC-9096-0FDDFC4A566C}
	EndGlobalSection
EndGlobal
